
Microsoft Visual Studio Solution File, Format Version 12.00
# Visual Studio Version 17
VisualStudioVersion = 17.3.32929.385
MinimumVisualStudioVersion = 10.0.40219.1
Project("{FAE04EC0-301F-11D3-BF4B-00C04F79EFBC}") = "SalesOrder", "SalesOrder\SalesOrder.csproj", "{A4F952D8-5BCC-424E-B374-73F2B5B69636}"
EndProject
Global
	GlobalSection(SolutionConfigurationPlatforms) = preSolution
		Debug|Any CPU = Debug|Any CPU
		Release|Any CPU = Release|Any CPU
	EndGlobalSection
	GlobalSection(ProjectConfigurationPlatforms) = postSolution
		{A4F952D8-5BCC-424E-B374-73F2B5B69636}.Debug|Any CPU.ActiveCfg = Debug|Any CPU
		{A4F952D8-5BCC-424E-B374-73F2B5B69636}.Debug|Any CPU.Build.0 = Debug|Any CPU
		{A4F952D8-5BCC-424E-B374-73F2B5B69636}.Release|Any CPU.ActiveCfg = Release|Any CPU
		{A4F952D8-5BCC-424E-B374-73F2B5B69636}.Release|Any CPU.Build.0 = Release|Any CPU
	EndGlobalSection
	GlobalSection(SolutionProperties) = preSolution
		HideSolutionNode = FALSE
	EndGlobalSection
	GlobalSection(ExtensibilityGlobals) = postSolution
		SolutionGuid = {2B6ABA61-AE3B-4C16-A145-B92CD2AC910B}
	EndGlobalSection
EndGlobal
